
Microsoft Visual Studio Solution File, Format Version 12.00
# Visual Studio Version 174
VisualStudioVersion = 17.2.32516.85
MinimumVisualStudioVersion = 10.0.40219.1
Project("{FAE04EC0-301F-11D3-BF4B-00C04F79EFBC}") = "JsonReader", "JsonReader\JsonReader.csproj", "{FB043FE0-C0D3-45ED-B49D-CB1BB6493AC7}"
EndProject
Global
	GlobalSection(SolutionConfigurationPlatforms) = preSolution
		Debug|Any CPU = Debug|Any CPU
		Release|Any CPU = Release|Any CPU
	EndGlobalSection
	GlobalSection(ProjectConfigurationPlatforms) = postSolution
		{FB043FE0-C0D3-45ED-B49D-CB1BB6493AC7}.Debug|Any CPU.ActiveCfg = Debug|Any CPU
		{FB043FE0-C0D3-45ED-B49D-CB1BB6493AC7}.Debug|Any CPU.Build.0 = Debug|Any CPU
		{FB043FE0-C0D3-45ED-B49D-CB1BB6493AC7}.Release|Any CPU.ActiveCfg = Release|Any CPU
		{FB043FE0-C0D3-45ED-B49D-CB1BB6493AC7}.Release|Any CPU.Build.0 = Release|Any CPU
	EndGlobalSection
	GlobalSection(SolutionProperties) = preSolution
		HideSolutionNode = FALSE
	EndGlobalSection
	GlobalSection(ExtensibilityGlobals) = postSolution
		SolutionGuid = {A82CB6B8-40B9-41D7-A058-F409340BAA67}
	EndGlobalSection
EndGlobal
